
Microsoft Visual Studio Solution File, Format Version 12.00
# Visual Studio Version 17
VisualStudioVersion = 17.6.33829.357
MinimumVisualStudioVersion = 10.0.40219.1
Project("{9A19103F-16F7-4668-BE54-9A1E7A4F7556}") = "BlazorFullStackCrudWASM.Server", "BlazorFullStackCrudWASM\Server\BlazorFullStackCrudWASM.Server.csproj", "{B965A43E-12EF-411A-8299-403D35CBEF13}"
EndProject
Project("{9A19103F-16F7-4668-BE54-9A1E7A4F7556}") = "BlazorFullStackCrudWASM.Client", "BlazorFullStackCrudWASM\Client\BlazorFullStackCrudWASM.Client.csproj", "{8EA43FAF-A6D1-4028-AA31-FB843743D504}"
EndProject
Project("{9A19103F-16F7-4668-BE54-9A1E7A4F7556}") = "BlazorFullStackCrudWASM.Shared", "BlazorFullStackCrudWASM\Shared\BlazorFullStackCrudWASM.Shared.csproj", "{62B8225B-32E8-4A89-A23A-E0FC5B7F5276}"
EndProject
Global
	GlobalSection(SolutionConfigurationPlatforms) = preSolution
		Debug|Any CPU = Debug|Any CPU
		Release|Any CPU = Release|Any CPU
	EndGlobalSection
	GlobalSection(ProjectConfigurationPlatforms) = postSolution
		{B965A43E-12EF-411A-8299-403D35CBEF13}.Debug|Any CPU.ActiveCfg = Debug|Any CPU
		{B965A43E-12EF-411A-8299-403D35CBEF13}.Debug|Any CPU.Build.0 = Debug|Any CPU
		{B965A43E-12EF-411A-8299-403D35CBEF13}.Release|Any CPU.ActiveCfg = Release|Any CPU
		{B965A43E-12EF-411A-8299-403D35CBEF13}.Release|Any CPU.Build.0 = Release|Any CPU
		{8EA43FAF-A6D1-4028-AA31-FB843743D504}.Debug|Any CPU.ActiveCfg = Debug|Any CPU
		{8EA43FAF-A6D1-4028-AA31-FB843743D504}.Debug|Any CPU.Build.0 = Debug|Any CPU
		{8EA43FAF-A6D1-4028-AA31-FB843743D504}.Release|Any CPU.ActiveCfg = Release|Any CPU
		{8EA43FAF-A6D1-4028-AA31-FB843743D504}.Release|Any CPU.Build.0 = Release|Any CPU
		{62B8225B-32E8-4A89-A23A-E0FC5B7F5276}.Debug|Any CPU.ActiveCfg = Debug|Any CPU
		{62B8225B-32E8-4A89-A23A-E0FC5B7F5276}.Debug|Any CPU.Build.0 = Debug|Any CPU
		{62B8225B-32E8-4A89-A23A-E0FC5B7F5276}.Release|Any CPU.ActiveCfg = Release|Any CPU
		{62B8225B-32E8-4A89-A23A-E0FC5B7F5276}.Release|Any CPU.Build.0 = Release|Any CPU
	EndGlobalSection
	GlobalSection(SolutionProperties) = preSolution
		HideSolutionNode = FALSE
	EndGlobalSection
	GlobalSection(ExtensibilityGlobals) = postSolution
		SolutionGuid = {5C96DE66-92EF-4F13-B0E0-A604C6713D92}
	EndGlobalSection
EndGlobal
